{
  "name": "wechat-words-pk-typescript-miniprogram",
  "version": "1.0.0",
  "lockfileVersion": 2,
  "requires": true,
  "packages": {
    "": {
      "name": "wechat-words-pk-typescript-miniprogram",
      "version": "1.0.0",
      "license": "MIT",
      "dependencies": {
        "mitt": "^3.0.0",
        "umeng-polyfill": "1.1.0",
        "wxapp-animate": "^1.0.0",
        "wxapp-router": "^0.1.12",
        "wxministore": "^1.3.1"
      }
    },
    "node_modules/@jerryc/mini-logger": {
      "version": "0.0.4",
      "license": "MIT",
      "engines": {
        "node": ">=10"
      }
    },
    "node_modules/@types/wechat-miniprogram": {
      "version": "3.4.0",
      "license": "MIT"
    },
    "node_modules/mitt": {
      "version": "3.0.0",
      "license": "MIT"
    },
    "node_modules/path-to-regexp": {
      "version": "6.2.0",
      "license": "MIT"
    },
    "node_modules/umeng-polyfill": {
      "version": "1.1.0",
      "resolved": "https://registry.npmjs.org/umeng-polyfill/-/umeng-polyfill-1.1.0.tgz",
      "integrity": "sha512-7LdM7xo0zUMk/lHace3MScM7ciWlNb1BKWYryAFNPfIzf7tp3ySj+bAdnvMLLcB4iDhs2j/zDqRHUC5FUHmcqg=="
    },
    "node_modules/wxapp-animate": {
      "version": "1.0.0",
      "license": "ISC"
    },
    "node_modules/wxapp-router": {
      "version": "0.1.12",
      "license": "MIT",
      "dependencies": {
        "@jerryc/mini-logger": "^0.0.4",
        "@types/wechat-miniprogram": "^3.2.0",
        "path-to-regexp": "^6.2.0"
      },
      "engines": {
        "node": ">=10"
      }
    },
    "node_modules/wxministore": {
      "version": "1.3.1",
      "license": "MIT"
    }
  },
  "dependencies": {
    "@jerryc/mini-logger": {
      "version": "0.0.4"
    },
    "@types/wechat-miniprogram": {
      "version": "3.4.0"
    },
    "mitt": {
      "version": "3.0.0"
    },
    "path-to-regexp": {
      "version": "6.2.0"
    },
    "umeng-polyfill": {
      "version": "1.1.0",
      "resolved": "https://registry.npmjs.org/umeng-polyfill/-/umeng-polyfill-1.1.0.tgz",
      "integrity": "sha512-7LdM7xo0zUMk/lHace3MScM7ciWlNb1BKWYryAFNPfIzf7tp3ySj+bAdnvMLLcB4iDhs2j/zDqRHUC5FUHmcqg=="
    },
    "wxapp-animate": {
      "version": "1.0.0"
    },
    "wxapp-router": {
      "version": "0.1.12",
      "requires": {
        "@jerryc/mini-logger": "^0.0.4",
        "@types/wechat-miniprogram": "^3.2.0",
        "path-to-regexp": "^6.2.0"
      }
    },
    "wxministore": {
      "version": "1.3.1"
    }
  }
}
