{
  "name": "wechat-words-pk-typescript-miniprogram",
  "version": "1.0.0",
  "lockfileVersion": 1,
  "requires": true,
  "dependencies": {
    "@jerryc/mini-logger": {
      "version": "0.0.4",
      "resolved": "https://registry.npmmirror.com/@jerryc/mini-logger/download/@jerryc/mini-logger-0.0.4.tgz",
      "integrity": "sha1-ui5sFrBoM21J9khc0LgFE22MWqI="
    },
    "@types/wechat-miniprogram": {
      "version": "3.4.0",
      "resolved": "https://registry.npmmirror.com/@types/wechat-miniprogram/download/@types/wechat-miniprogram-3.4.0.tgz",
      "integrity": "sha1-10PVs8F71THCwXjqH+nZKgsjvNA="
    },
    "path-to-regexp": {
      "version": "6.2.0",
      "resolved": "https://registry.npm.taobao.org/path-to-regexp/download/path-to-regexp-6.2.0.tgz?cache=0&other_urls=https%3A%2F%2Fregistry.npm.taobao.org%2Fpath-to-regexp%2Fdownload%2Fpath-to-regexp-6.2.0.tgz",
      "integrity": "sha1-97OAMzYQTDRoia3s5hRmkjBkXzg="
    },
    "wxapp-animate": {
      "version": "1.0.0"
    },
    "wxapp-router": {
      "version": "0.1.12",
      "resolved": "https://registry.npmmirror.com/wxapp-router/download/wxapp-router-0.1.12.tgz",
      "integrity": "sha1-ZYWS7tuIQnouR+3VSWHzSw61LpU=",
      "requires": {
        "@jerryc/mini-logger": "^0.0.4",
        "@types/wechat-miniprogram": "^3.2.0",
        "path-to-regexp": "^6.2.0"
      }
    },
    "wxministore": {
      "version": "1.3.1"
    }
  }
}
